
Microsoft Visual Studio Solution File, Format Version 12.00
# Visual Studio Version 17
VisualStudioVersion = 17.11.35312.102
MinimumVisualStudioVersion = 10.0.40219.1
Project("{FAE04EC0-301F-11D3-BF4B-00C04F79EFBC}") = "polinoame", "polinoame.csproj", "{3228363C-2652-48A8-A177-7BFC18D85911}"
EndProject
Global
	GlobalSection(SolutionConfigurationPlatforms) = preSolution
		Debug|Any CPU = Debug|Any CPU
		Release|Any CPU = Release|Any CPU
	EndGlobalSection
	GlobalSection(ProjectConfigurationPlatforms) = postSolution
		{3228363C-2652-48A8-A177-7BFC18D85911}.Debug|Any CPU.ActiveCfg = Debug|Any CPU
		{3228363C-2652-48A8-A177-7BFC18D85911}.Debug|Any CPU.Build.0 = Debug|Any CPU
		{3228363C-2652-48A8-A177-7BFC18D85911}.Release|Any CPU.ActiveCfg = Release|Any CPU
		{3228363C-2652-48A8-A177-7BFC18D85911}.Release|Any CPU.Build.0 = Release|Any CPU
	EndGlobalSection
	GlobalSection(SolutionProperties) = preSolution
		HideSolutionNode = FALSE
	EndGlobalSection
	GlobalSection(ExtensibilityGlobals) = postSolution
		SolutionGuid = {EA924C76-2717-4708-985F-4D7E66448776}
	EndGlobalSection
EndGlobal
