
Microsoft Visual Studio Solution File, Format Version 12.00
# Visual Studio Version 17
VisualStudioVersion = 17.11.35312.102
MinimumVisualStudioVersion = 10.0.40219.1
Project("{FAE04EC0-301F-11D3-BF4B-00C04F79EFBC}") = "sisteme_neliniare", "sisteme_neliniare.csproj", "{8038D95C-43E1-4211-88A7-11663C90F5CA}"
EndProject
Global
	GlobalSection(SolutionConfigurationPlatforms) = preSolution
		Debug|Any CPU = Debug|Any CPU
		Release|Any CPU = Release|Any CPU
	EndGlobalSection
	GlobalSection(ProjectConfigurationPlatforms) = postSolution
		{8038D95C-43E1-4211-88A7-11663C90F5CA}.Debug|Any CPU.ActiveCfg = Debug|Any CPU
		{8038D95C-43E1-4211-88A7-11663C90F5CA}.Debug|Any CPU.Build.0 = Debug|Any CPU
		{8038D95C-43E1-4211-88A7-11663C90F5CA}.Release|Any CPU.ActiveCfg = Release|Any CPU
		{8038D95C-43E1-4211-88A7-11663C90F5CA}.Release|Any CPU.Build.0 = Release|Any CPU
	EndGlobalSection
	GlobalSection(SolutionProperties) = preSolution
		HideSolutionNode = FALSE
	EndGlobalSection
	GlobalSection(ExtensibilityGlobals) = postSolution
		SolutionGuid = {5DC859EA-6D58-4D07-9C00-0DD7A2E0D95C}
	EndGlobalSection
EndGlobal
