
Microsoft Visual Studio Solution File, Format Version 12.00
# Visual Studio Version 17
VisualStudioVersion = 17.11.35312.102
MinimumVisualStudioVersion = 10.0.40219.1
Project("{FAE04EC0-301F-11D3-BF4B-00C04F79EFBC}") = "aproximatii_succesive", "aproximatii_succesive.csproj", "{7A74B07E-0C84-493A-81C3-59C6B7FFBA96}"
EndProject
Global
	GlobalSection(SolutionConfigurationPlatforms) = preSolution
		Debug|Any CPU = Debug|Any CPU
		Release|Any CPU = Release|Any CPU
	EndGlobalSection
	GlobalSection(ProjectConfigurationPlatforms) = postSolution
		{7A74B07E-0C84-493A-81C3-59C6B7FFBA96}.Debug|Any CPU.ActiveCfg = Debug|Any CPU
		{7A74B07E-0C84-493A-81C3-59C6B7FFBA96}.Debug|Any CPU.Build.0 = Debug|Any CPU
		{7A74B07E-0C84-493A-81C3-59C6B7FFBA96}.Release|Any CPU.ActiveCfg = Release|Any CPU
		{7A74B07E-0C84-493A-81C3-59C6B7FFBA96}.Release|Any CPU.Build.0 = Release|Any CPU
	EndGlobalSection
	GlobalSection(SolutionProperties) = preSolution
		HideSolutionNode = FALSE
	EndGlobalSection
	GlobalSection(ExtensibilityGlobals) = postSolution
		SolutionGuid = {5195884A-6099-47B8-A970-AE2A5F9570BF}
	EndGlobalSection
EndGlobal
